
Microsoft Visual Studio Solution File, Format Version 12.00
# Visual Studio Version 17
VisualStudioVersion = 17.5.33502.453
MinimumVisualStudioVersion = 10.0.40219.1
Project("{9A19103F-16F7-4668-BE54-9A1E7A4F7556}") = "PdfSharpCoreTestCase", "PdfSharpCoreTestCase\PdfSharpCoreTestCase.csproj", "{2D63D477-565A-4FC7-90A9-DA09C87E296E}"
EndProject
Project("{9A19103F-16F7-4668-BE54-9A1E7A4F7556}") = "PdfSharpCoreTestCase.Reporting", "PdfSharpCoreTestCase.Logic\PdfSharpCoreTestCase.Reporting.csproj", "{167A207F-1E71-4FB8-9BF5-EFBFC632CCDA}"
EndProject
Project("{FAE04EC0-301F-11D3-BF4B-00C04F79EFBC}") = "ReportTestProject", "ReportTestProject\ReportTestProject.csproj", "{A51F7F56-1B2C-49DA-91EB-6480BA578F4D}"
EndProject
Global
	GlobalSection(SolutionConfigurationPlatforms) = preSolution
		Debug|Any CPU = Debug|Any CPU
		Release|Any CPU = Release|Any CPU
	EndGlobalSection
	GlobalSection(ProjectConfigurationPlatforms) = postSolution
		{2D63D477-565A-4FC7-90A9-DA09C87E296E}.Debug|Any CPU.ActiveCfg = Debug|Any CPU
		{2D63D477-565A-4FC7-90A9-DA09C87E296E}.Debug|Any CPU.Build.0 = Debug|Any CPU
		{2D63D477-565A-4FC7-90A9-DA09C87E296E}.Release|Any CPU.ActiveCfg = Release|Any CPU
		{2D63D477-565A-4FC7-90A9-DA09C87E296E}.Release|Any CPU.Build.0 = Release|Any CPU
		{167A207F-1E71-4FB8-9BF5-EFBFC632CCDA}.Debug|Any CPU.ActiveCfg = Debug|Any CPU
		{167A207F-1E71-4FB8-9BF5-EFBFC632CCDA}.Debug|Any CPU.Build.0 = Debug|Any CPU
		{167A207F-1E71-4FB8-9BF5-EFBFC632CCDA}.Release|Any CPU.ActiveCfg = Release|Any CPU
		{167A207F-1E71-4FB8-9BF5-EFBFC632CCDA}.Release|Any CPU.Build.0 = Release|Any CPU
		{A51F7F56-1B2C-49DA-91EB-6480BA578F4D}.Debug|Any CPU.ActiveCfg = Debug|Any CPU
		{A51F7F56-1B2C-49DA-91EB-6480BA578F4D}.Debug|Any CPU.Build.0 = Debug|Any CPU
		{A51F7F56-1B2C-49DA-91EB-6480BA578F4D}.Release|Any CPU.ActiveCfg = Release|Any CPU
		{A51F7F56-1B2C-49DA-91EB-6480BA578F4D}.Release|Any CPU.Build.0 = Release|Any CPU
	EndGlobalSection
	GlobalSection(SolutionProperties) = preSolution
		HideSolutionNode = FALSE
	EndGlobalSection
	GlobalSection(ExtensibilityGlobals) = postSolution
		SolutionGuid = {C6673C0E-C831-4B8D-AA61-689BD70FEA38}
	EndGlobalSection
EndGlobal
